PODS:
  - Realm (2.1.2):
    - Realm/Headers (= 2.1.2)
  - Realm/Headers (2.1.2)
  - RealmSwift (2.1.2):
    - Realm (= 2.1.2)

DEPENDENCIES:
  - Realm (from `https://github.com/realm/realm-cocoa.git`, branch `master`)
  - RealmSwift (from `https://github.com/realm/realm-cocoa.git`, branch `master`)

EXTERNAL SOURCES:
  Realm:
    :branch: master
    :git: https://github.com/realm/realm-cocoa.git
    :submodules: true
  RealmSwift:
    :branch: master
    :git: https://github.com/realm/realm-cocoa.git
    :submodules: true

CHECKOUT OPTIONS:
  Realm:
    :commit: '036945087fd0fe8ed5001aeb1f07c133dffe5571'
    :git: https://github.com/realm/realm-cocoa.git
    :submodules: true
  RealmSwift:
    :commit: '036945087fd0fe8ed5001aeb1f07c133dffe5571'
    :git: https://github.com/realm/realm-cocoa.git
    :submodules: true

SPEC CHECKSUMS:
  Realm: efe855f4d977c8ce5a82d3116d9f1ff155a6550c
  RealmSwift: 1ecd6f956dada3d1f9a0e577dd52518099b935bc

PODFILE CHECKSUM: 222113c5889d30fed285629b865031823a290378

COCOAPODS: 1.1.1
